// !$*UTF8*$!
{
	archiveVersion = 1;
	classes = {
	};
	objectVersion = 46;
	objects = {

/* Begin PBXBuildFile section */
		519B65EE1E6ECD4E00478966 /* XMLAttributeTests.swift in Sources */ = {isa = PBXBuildFile; fileRef = 519B65ED1E6ECD4E00478966 /* XMLAttributeTests.swift */; };
		519F635D1E6D0DFA0074528A /* String+VinXML.swift in Sources */ = {isa = PBXBuildFile; fileRef = 519F63501E6D0DFA0074528A /* String+VinXML.swift */; };
		519F635E1E6D0DFA0074528A /* XMLAttribute.swift in Sources */ = {isa = PBXBuildFile; fileRef = 519F63511E6D0DFA0074528A /* XMLAttribute.swift */; };
		519F635F1E6D0DFA0074528A /* XMLAttributes.swift in Sources */ = {isa = PBXBuildFile; fileRef = 519F63521E6D0DFA0074528A /* XMLAttributes.swift */; };
		519F63601E6D0DFA0074528A /* XMLDoc.swift in Sources */ = {isa = PBXBuildFile; fileRef = 519F63531E6D0DFA0074528A /* XMLDoc.swift */; };
		519F63611E6D0DFA0074528A /* XMLElement.swift in Sources */ = {isa = PBXBuildFile; fileRef = 519F63541E6D0DFA0074528A /* XMLElement.swift */; };
		519F63621E6D0DFA0074528A /* XMLElements.swift in Sources */ = {isa = PBXBuildFile; fileRef = 519F63551E6D0DFA0074528A /* XMLElements.swift */; };
		519F63631E6D0DFA0074528A /* XMLElementType.swift in Sources */ = {isa = PBXBuildFile; fileRef = 519F63561E6D0DFA0074528A /* XMLElementType.swift */; };
		519F63661E6D0DFA0074528A /* XMLNode.swift in Sources */ = {isa = PBXBuildFile; fileRef = 519F63591E6D0DFA0074528A /* XMLNode.swift */; };
		519F63671E6D0DFA0074528A /* XMLVisitor.swift in Sources */ = {isa = PBXBuildFile; fileRef = 519F635A1E6D0DFA0074528A /* XMLVisitor.swift */; };
		519F63681E6D0DFA0074528A /* XMLVisitorHost.swift in Sources */ = {isa = PBXBuildFile; fileRef = 519F635B1E6D0DFA0074528A /* XMLVisitorHost.swift */; };
		519F63691E6D0DFA0074528A /* XMLXPath.swift in Sources */ = {isa = PBXBuildFile; fileRef = 519F635C1E6D0DFA0074528A /* XMLXPath.swift */; };
		519F63741E6D0E3B0074528A /* XMLBaseTest.swift in Sources */ = {isa = PBXBuildFile; fileRef = 519F636A1E6D0E070074528A /* XMLBaseTest.swift */; };
		519F63751E6D0E3D0074528A /* XMLDocTests.swift in Sources */ = {isa = PBXBuildFile; fileRef = 519F636B1E6D0E070074528A /* XMLDocTests.swift */; };
		519F63761E6D0E3F0074528A /* XMLElementTests.swift in Sources */ = {isa = PBXBuildFile; fileRef = 519F636C1E6D0E070074528A /* XMLElementTests.swift */; };
		519F63771E6D0E4B0074528A /* XPathQueryTests.swift in Sources */ = {isa = PBXBuildFile; fileRef = 519F636D1E6D0E070074528A /* XPathQueryTests.swift */; };
		519F63791E6D0E5F0074528A /* vincode.io.html in CopyFiles */ = {isa = PBXBuildFile; fileRef = 519F63731E6D0E170074528A /* vincode.io.html */; };
		OBJ_30 /* VinXML.framework in Frameworks */ = {isa = PBXBuildFile; fileRef = OBJ_14 /* VinXML.framework */; };
/* End PBXBuildFile section */

/* Begin PBXContainerItemProxy section */
		519F634D1E6D0DD30074528A /* PBXContainerItemProxy */ = {
			isa = PBXContainerItemProxy;
			containerPortal = OBJ_1 /* Project object */;
			proxyType = 1;
			remoteGlobalIDString = OBJ_16;
			remoteInfo = VinXML;
		};
/* End PBXContainerItemProxy section */

/* Begin PBXCopyFilesBuildPhase section */
		519F63781E6D0E5A0074528A /* CopyFiles */ = {
			isa = PBXCopyFilesBuildPhase;
			buildActionMask = 2147483647;
			dstPath = "";
			dstSubfolderSpec = 7;
			files = (
				519F63791E6D0E5F0074528A /* vincode.io.html in CopyFiles */,
			);
			runOnlyForDeploymentPostprocessing = 0;
		};
/* End PBXCopyFilesBuildPhase section */

/* Begin PBXFileReference section */
		519B65ED1E6ECD4E00478966 /* XMLAttributeTests.swift */ = {isa = PBXFileReference; fileEncoding = 4; lastKnownFileType = sourcecode.swift; path = XMLAttributeTests.swift; sourceTree = "<group>"; };
		519F634E1E6D0DFA0074528A /* libxml2.h */ = {isa = PBXFileReference; fileEncoding = 4; lastKnownFileType = sourcecode.c.h; path = libxml2.h; sourceTree = "<group>"; };
		519F634F1E6D0DFA0074528A /* module.modulemap */ = {isa = PBXFileReference; fileEncoding = 4; lastKnownFileType = "sourcecode.module-map"; path = module.modulemap; sourceTree = "<group>"; };
		519F63501E6D0DFA0074528A /* String+VinXML.swift */ = {isa = PBXFileReference; fileEncoding = 4; lastKnownFileType = sourcecode.swift; path = "String+VinXML.swift"; sourceTree = "<group>"; };
		519F63511E6D0DFA0074528A /* XMLAttribute.swift */ = {isa = PBXFileReference; fileEncoding = 4; lastKnownFileType = sourcecode.swift; path = XMLAttribute.swift; sourceTree = "<group>"; };
		519F63521E6D0DFA0074528A /* XMLAttributes.swift */ = {isa = PBXFileReference; fileEncoding = 4; lastKnownFileType = sourcecode.swift; path = XMLAttributes.swift; sourceTree = "<group>"; };
		519F63531E6D0DFA0074528A /* XMLDoc.swift */ = {isa = PBXFileReference; fileEncoding = 4; lastKnownFileType = sourcecode.swift; path = XMLDoc.swift; sourceTree = "<group>"; };
		519F63541E6D0DFA0074528A /* XMLElement.swift */ = {isa = PBXFileReference; fileEncoding = 4; lastKnownFileType = sourcecode.swift; path = XMLElement.swift; sourceTree = "<group>"; };
		519F63551E6D0DFA0074528A /* XMLElements.swift */ = {isa = PBXFileReference; fileEncoding = 4; lastKnownFileType = sourcecode.swift; path = XMLElements.swift; sourceTree = "<group>"; };
		519F63561E6D0DFA0074528A /* XMLElementType.swift */ = {isa = PBXFileReference; fileEncoding = 4; lastKnownFileType = sourcecode.swift; path = XMLElementType.swift; sourceTree = "<group>"; };
		519F63591E6D0DFA0074528A /* XMLNode.swift */ = {isa = PBXFileReference; fileEncoding = 4; lastKnownFileType = sourcecode.swift; path = XMLNode.swift; sourceTree = "<group>"; };
		519F635A1E6D0DFA0074528A /* XMLVisitor.swift */ = {isa = PBXFileReference; fileEncoding = 4; lastKnownFileType = sourcecode.swift; path = XMLVisitor.swift; sourceTree = "<group>"; };
		519F635B1E6D0DFA0074528A /* XMLVisitorHost.swift */ = {isa = PBXFileReference; fileEncoding = 4; lastKnownFileType = sourcecode.swift; path = XMLVisitorHost.swift; sourceTree = "<group>"; };
		519F635C1E6D0DFA0074528A /* XMLXPath.swift */ = {isa = PBXFileReference; fileEncoding = 4; lastKnownFileType = sourcecode.swift; path = XMLXPath.swift; sourceTree = "<group>"; };
		519F636A1E6D0E070074528A /* XMLBaseTest.swift */ = {isa = PBXFileReference; fileEncoding = 4; lastKnownFileType = sourcecode.swift; path = XMLBaseTest.swift; sourceTree = "<group>"; };
		519F636B1E6D0E070074528A /* XMLDocTests.swift */ = {isa = PBXFileReference; fileEncoding = 4; lastKnownFileType = sourcecode.swift; path = XMLDocTests.swift; sourceTree = "<group>"; };
		519F636C1E6D0E070074528A /* XMLElementTests.swift */ = {isa = PBXFileReference; fileEncoding = 4; lastKnownFileType = sourcecode.swift; path = XMLElementTests.swift; sourceTree = "<group>"; };
		519F636D1E6D0E070074528A /* XPathQueryTests.swift */ = {isa = PBXFileReference; fileEncoding = 4; lastKnownFileType = sourcecode.swift; path = XPathQueryTests.swift; sourceTree = "<group>"; };
		519F63731E6D0E170074528A /* vincode.io.html */ = {isa = PBXFileReference; lastKnownFileType = text.html; path = vincode.io.html; sourceTree = "<group>"; };
		OBJ_14 /* VinXML.framework */ = {isa = PBXFileReference; explicitFileType = wrapper.framework; path = VinXML.framework; sourceTree = BUILT_PRODUCTS_DIR; };
		OBJ_15 /* VinXMLTests.xctest */ = {isa = PBXFileReference; explicitFileType = wrapper.cfbundle; path = VinXMLTests.xctest; sourceTree = BUILT_PRODUCTS_DIR; };
		OBJ_6 /* Package.swift */ = {isa = PBXFileReference; explicitFileType = sourcecode.swift; path = Package.swift; sourceTree = "<group>"; };
/* End PBXFileReference section */

/* Begin PBXFrameworksBuildPhase section */
		OBJ_22 /* Frameworks */ = {
			isa = PBXFrameworksBuildPhase;
			buildActionMask = 0;
			files = (
			);
			runOnlyForDeploymentPostprocessing = 0;
		};
		OBJ_29 /* Frameworks */ = {
			isa = PBXFrameworksBuildPhase;
			buildActionMask = 0;
			files = (
				OBJ_30 /* VinXML.framework in Frameworks */,
			);
			runOnlyForDeploymentPostprocessing = 0;
		};
/* End PBXFrameworksBuildPhase section */

/* Begin PBXGroup section */
		519F63721E6D0E170074528A /* Resources */ = {
			isa = PBXGroup;
			children = (
				519F63731E6D0E170074528A /* vincode.io.html */,
			);
			path = Resources;
			sourceTree = "<group>";
		};
		OBJ_10 /* Tests */ = {
			isa = PBXGroup;
			children = (
				519B65ED1E6ECD4E00478966 /* XMLAttributeTests.swift */,
				519F636A1E6D0E070074528A /* XMLBaseTest.swift */,
				519F636B1E6D0E070074528A /* XMLDocTests.swift */,
				519F636C1E6D0E070074528A /* XMLElementTests.swift */,
				519F636D1E6D0E070074528A /* XPathQueryTests.swift */,
				519F63721E6D0E170074528A /* Resources */,
			);
			path = Tests;
			sourceTree = "<group>";
		};
		OBJ_13 /* Products */ = {
			isa = PBXGroup;
			children = (
				OBJ_14 /* VinXML.framework */,
				OBJ_15 /* VinXMLTests.xctest */,
			);
			name = Products;
			sourceTree = BUILT_PRODUCTS_DIR;
		};
		OBJ_5 = {
			isa = PBXGroup;
			children = (
				OBJ_6 /* Package.swift */,
				OBJ_7 /* Sources */,
				OBJ_10 /* Tests */,
				OBJ_13 /* Products */,
			);
			sourceTree = "<group>";
		};
		OBJ_7 /* Sources */ = {
			isa = PBXGroup;
			children = (
				519F634E1E6D0DFA0074528A /* libxml2.h */,
				519F634F1E6D0DFA0074528A /* module.modulemap */,
				519F63501E6D0DFA0074528A /* String+VinXML.swift */,
				519F63511E6D0DFA0074528A /* XMLAttribute.swift */,
				519F63521E6D0DFA0074528A /* XMLAttributes.swift */,
				519F63531E6D0DFA0074528A /* XMLDoc.swift */,
				519F63541E6D0DFA0074528A /* XMLElement.swift */,
				519F63551E6D0DFA0074528A /* XMLElements.swift */,
				519F63561E6D0DFA0074528A /* XMLElementType.swift */,
				519F63591E6D0DFA0074528A /* XMLNode.swift */,
				519F635A1E6D0DFA0074528A /* XMLVisitor.swift */,
				519F635B1E6D0DFA0074528A /* XMLVisitorHost.swift */,
				519F635C1E6D0DFA0074528A /* XMLXPath.swift */,
			);
			path = Sources;
			sourceTree = "<group>";
		};
/* End PBXGroup section */

/* Begin PBXNativeTarget section */
		OBJ_16 /* VinXML */ = {
			isa = PBXNativeTarget;
			buildConfigurationList = OBJ_17 /* Build configuration list for PBXNativeTarget "VinXML" */;
			buildPhases = (
				OBJ_20 /* Sources */,
				OBJ_22 /* Frameworks */,
			);
			buildRules = (
			);
			dependencies = (
			);
			name = VinXML;
			productName = VinXML;
			productReference = OBJ_14 /* VinXML.framework */;
			productType = "com.apple.product-type.framework";
		};
		OBJ_23 /* VinXMLTests */ = {
			isa = PBXNativeTarget;
			buildConfigurationList = OBJ_24 /* Build configuration list for PBXNativeTarget "VinXMLTests" */;
			buildPhases = (
				OBJ_27 /* Sources */,
				OBJ_29 /* Frameworks */,
				519F63781E6D0E5A0074528A /* CopyFiles */,
			);
			buildRules = (
			);
			dependencies = (
				OBJ_31 /* PBXTargetDependency */,
			);
			name = VinXMLTests;
			productName = VinXMLTests;
			productReference = OBJ_15 /* VinXMLTests.xctest */;
			productType = "com.apple.product-type.bundle.unit-test";
		};
/* End PBXNativeTarget section */

/* Begin PBXProject section */
		OBJ_1 /* Project object */ = {
			isa = PBXProject;
			attributes = {
				LastUpgradeCheck = 9999;
				TargetAttributes = {
					OBJ_16 = {
						LastSwiftMigration = 0820;
					};
				};
			};
			buildConfigurationList = OBJ_2 /* Build configuration list for PBXProject "VinXML" */;
			compatibilityVersion = "Xcode 3.2";
			developmentRegion = English;
			hasScannedForEncodings = 0;
			knownRegions = (
				en,
			);
			mainGroup = OBJ_5;
			productRefGroup = OBJ_13 /* Products */;
			projectDirPath = "";
			projectRoot = "";
			targets = (
				OBJ_16 /* VinXML */,
				OBJ_23 /* VinXMLTests */,
			);
		};
/* End PBXProject section */

/* Begin PBXSourcesBuildPhase section */
		OBJ_20 /* Sources */ = {
			isa = PBXSourcesBuildPhase;
			buildActionMask = 0;
			files = (
				519F635E1E6D0DFA0074528A /* XMLAttribute.swift in Sources */,
				519F635F1E6D0DFA0074528A /* XMLAttributes.swift in Sources */,
				519F63691E6D0DFA0074528A /* XMLXPath.swift in Sources */,
				519F63611E6D0DFA0074528A /* XMLElement.swift in Sources */,
				519F63671E6D0DFA0074528A /* XMLVisitor.swift in Sources */,
				519F63661E6D0DFA0074528A /* XMLNode.swift in Sources */,
				519F63681E6D0DFA0074528A /* XMLVisitorHost.swift in Sources */,
				519F63601E6D0DFA0074528A /* XMLDoc.swift in Sources */,
				519F63621E6D0DFA0074528A /* XMLElements.swift in Sources */,
				519F63631E6D0DFA0074528A /* XMLElementType.swift in Sources */,
				519F635D1E6D0DFA0074528A /* String+VinXML.swift in Sources */,
			);
			runOnlyForDeploymentPostprocessing = 0;
		};
		OBJ_27 /* Sources */ = {
			isa = PBXSourcesBuildPhase;
			buildActionMask = 0;
			files = (
				519F63741E6D0E3B0074528A /* XMLBaseTest.swift in Sources */,
				519B65EE1E6ECD4E00478966 /* XMLAttributeTests.swift in Sources */,
				519F63751E6D0E3D0074528A /* XMLDocTests.swift in Sources */,
				519F63761E6D0E3F0074528A /* XMLElementTests.swift in Sources */,
				519F63771E6D0E4B0074528A /* XPathQueryTests.swift in Sources */,
			);
			runOnlyForDeploymentPostprocessing = 0;
		};
/* End PBXSourcesBuildPhase section */

/* Begin PBXTargetDependency section */
		OBJ_31 /* PBXTargetDependency */ = {
			isa = PBXTargetDependency;
			target = OBJ_16 /* VinXML */;
			targetProxy = 519F634D1E6D0DD30074528A /* PBXContainerItemProxy */;
		};
/* End PBXTargetDependency section */

/* Begin XCBuildConfiguration section */
		OBJ_18 /* Debug */ = {
			isa = XCBuildConfiguration;
			buildSettings = {
				CLANG_ENABLE_MODULES = YES;
				DEFINES_MODULE = YES;
				ENABLE_TESTABILITY = YES;
				FRAMEWORK_SEARCH_PATHS = (
					"$(inherited)",
					"$(PLATFORM_DIR)/Developer/Library/Frameworks",
				);
				HEADER_SEARCH_PATHS = (
					"$(inherited)",
					"$(SDKROOT)/usr/include/libxml2",
				);
				INFOPLIST_FILE = VinXML.xcodeproj/VinXML_Info.plist;
				LD_RUNPATH_SEARCH_PATHS = "$(TOOLCHAIN_DIR)/usr/lib/swift/macosx";
				OTHER_LDFLAGS = "$(inherited)";
				OTHER_SWIFT_FLAGS = "$(inherited)";
				PRODUCT_BUNDLE_IDENTIFIER = VinXML;
				PRODUCT_MODULE_NAME = "$(TARGET_NAME:c99extidentifier)";
				PRODUCT_NAME = "$(TARGET_NAME:c99extidentifier)";
				SWIFT_INCLUDE_PATHS = "$(SRCROOT)/Sources";
				SWIFT_OPTIMIZATION_LEVEL = "-Onone";
				SWIFT_VERSION = 3.0;
				TARGET_NAME = VinXML;
			};
			name = Debug;
		};
		OBJ_19 /* Release */ = {
			isa = XCBuildConfiguration;
			buildSettings = {
				CLANG_ENABLE_MODULES = YES;
				DEFINES_MODULE = YES;
				ENABLE_TESTABILITY = YES;
				FRAMEWORK_SEARCH_PATHS = (
					"$(inherited)",
					"$(PLATFORM_DIR)/Developer/Library/Frameworks",
				);
				HEADER_SEARCH_PATHS = (
					"$(inherited)",
					"$(SDKROOT)/usr/include/libxml2",
				);
				INFOPLIST_FILE = VinXML.xcodeproj/VinXML_Info.plist;
				LD_RUNPATH_SEARCH_PATHS = "$(TOOLCHAIN_DIR)/usr/lib/swift/macosx";
				OTHER_LDFLAGS = "$(inherited)";
				OTHER_SWIFT_FLAGS = "$(inherited)";
				PRODUCT_BUNDLE_IDENTIFIER = VinXML;
				PRODUCT_MODULE_NAME = "$(TARGET_NAME:c99extidentifier)";
				PRODUCT_NAME = "$(TARGET_NAME:c99extidentifier)";
				SWIFT_INCLUDE_PATHS = "$(SRCROOT)/Sources";
				SWIFT_VERSION = 3.0;
				TARGET_NAME = VinXML;
			};
			name = Release;
		};
		OBJ_25 /* Debug */ = {
			isa = XCBuildConfiguration;
			buildSettings = {
				ALWAYS_EMBED_SWIFT_STANDARD_LIBRARIES = YES;
				EMBEDDED_CONTENT_CONTAINS_SWIFT = YES;
				FRAMEWORK_SEARCH_PATHS = (
					"$(inherited)",
					"$(PLATFORM_DIR)/Developer/Library/Frameworks",
				);
				HEADER_SEARCH_PATHS = "$(inherited)";
				INFOPLIST_FILE = VinXML.xcodeproj/VinXMLTests_Info.plist;
				LD_RUNPATH_SEARCH_PATHS = "@loader_path/../Frameworks";
				OTHER_LDFLAGS = "$(inherited)";
				OTHER_SWIFT_FLAGS = "$(inherited)";
				TARGET_NAME = VinXMLTests;
			};
			name = Debug;
		};
		OBJ_26 /* Release */ = {
			isa = XCBuildConfiguration;
			buildSettings = {
				ALWAYS_EMBED_SWIFT_STANDARD_LIBRARIES = YES;
				EMBEDDED_CONTENT_CONTAINS_SWIFT = YES;
				FRAMEWORK_SEARCH_PATHS = (
					"$(inherited)",
					"$(PLATFORM_DIR)/Developer/Library/Frameworks",
				);
				HEADER_SEARCH_PATHS = "$(inherited)";
				INFOPLIST_FILE = VinXML.xcodeproj/VinXMLTests_Info.plist;
				LD_RUNPATH_SEARCH_PATHS = "@loader_path/../Frameworks";
				OTHER_LDFLAGS = "$(inherited)";
				OTHER_SWIFT_FLAGS = "$(inherited)";
				TARGET_NAME = VinXMLTests;
			};
			name = Release;
		};
		OBJ_3 /* Debug */ = {
			isa = XCBuildConfiguration;
			buildSettings = {
				COMBINE_HIDPI_IMAGES = YES;
				COPY_PHASE_STRIP = NO;
				DEBUG_INFORMATION_FORMAT = dwarf;
				DYLIB_INSTALL_NAME_BASE = "@rpath";
				ENABLE_NS_ASSERTIONS = YES;
				GCC_OPTIMIZATION_LEVEL = 0;
				MACOSX_DEPLOYMENT_TARGET = 10.10;
				ONLY_ACTIVE_ARCH = YES;
				OTHER_SWIFT_FLAGS = "-DXcode";
				PRODUCT_NAME = "$(TARGET_NAME)";
				SDKROOT = macosx;
				SUPPORTED_PLATFORMS = "macosx iphoneos iphonesimulator appletvos appletvsimulator watchos watchsimulator";
				SWIFT_ACTIVE_COMPILATION_CONDITIONS = SWIFT_PACKAGE;
				SWIFT_OPTIMIZATION_LEVEL = "-Onone";
				SWIFT_VERSION = 3.0;
				USE_HEADERMAP = NO;
			};
			name = Debug;
		};
		OBJ_4 /* Release */ = {
			isa = XCBuildConfiguration;
			buildSettings = {
				COMBINE_HIDPI_IMAGES = YES;
				COPY_PHASE_STRIP = YES;
				DEBUG_INFORMATION_FORMAT = "dwarf-with-dsym";
				DYLIB_INSTALL_NAME_BASE = "@rpath";
				GCC_OPTIMIZATION_LEVEL = s;
				MACOSX_DEPLOYMENT_TARGET = 10.10;
				OTHER_SWIFT_FLAGS = "-DXcode";
				PRODUCT_NAME = "$(TARGET_NAME)";
				SDKROOT = macosx;
				SUPPORTED_PLATFORMS = "macosx iphoneos iphonesimulator appletvos appletvsimulator watchos watchsimulator";
				SWIFT_ACTIVE_COMPILATION_CONDITIONS = SWIFT_PACKAGE;
				SWIFT_OPTIMIZATION_LEVEL = "-O";
				SWIFT_VERSION = 3.0;
				USE_HEADERMAP = NO;
			};
			name = Release;
		};
/* End XCBuildConfiguration section */

/* Begin XCConfigurationList section */
		OBJ_17 /* Build configuration list for PBXNativeTarget "VinXML" */ = {
			isa = XCConfigurationList;
			buildConfigurations = (
				OBJ_18 /* Debug */,
				OBJ_19 /* Release */,
			);
			defaultConfigurationIsVisible = 0;
			defaultConfigurationName = Debug;
		};
		OBJ_2 /* Build configuration list for PBXProject "VinXML" */ = {
			isa = XCConfigurationList;
			buildConfigurations = (
				OBJ_3 /* Debug */,
				OBJ_4 /* Release */,
			);
			defaultConfigurationIsVisible = 0;
			defaultConfigurationName = Debug;
		};
		OBJ_24 /* Build configuration list for PBXNativeTarget "VinXMLTests" */ = {
			isa = XCConfigurationList;
			buildConfigurations = (
				OBJ_25 /* Debug */,
				OBJ_26 /* Release */,
			);
			defaultConfigurationIsVisible = 0;
			defaultConfigurationName = Debug;
		};
/* End XCConfigurationList section */
	};
	rootObject = OBJ_1 /* Project object */;
}
